// !$*UTF8*$!
{
	archiveVersion = 1;
	classes = {
	};
	objectVersion = 46;
	objects = {

/* Begin PBXBuildFile section */
		FE888EDB1F45382900B63579 /* main.m in Sources */ = {isa = PBXBuildFile; fileRef = FE888EDA1F45382900B63579 /* main.m */; };
		FE888EDE1F45382900B63579 /* AppDelegate.m in Sources */ = {isa = PBXBuildFile; fileRef = FE888EDD1F45382900B63579 /* AppDelegate.m */; };
		FE888EE11F45382900B63579 /* ViewController.m in Sources */ = {isa = PBXBuildFile; fileRef = FE888EE01F45382900B63579 /* ViewController.m */; };
		FE888EE41F45382900B63579 /* Main.storyboard in Resources */ = {isa = PBXBuildFile; fileRef = FE888EE21F45382900B63579 /* Main.storyboard */; };
		FE888EE61F45382900B63579 /* Assets.xcassets in Resources */ = {isa = PBXBuildFile; fileRef = FE888EE51F45382900B63579 /* Assets.xcassets */; };
		FE888EE91F45382900B63579 /* LaunchScreen.storyboard in Resources */ = {isa = PBXBuildFile; fileRef = FE888EE71F45382900B63579 /* LaunchScreen.storyboard */; };
/* End PBXBuildFile section */

/* Begin PBXFileReference section */
		FE888ED61F45382900B63579 /* ScreenRotateDemo.app */ = {isa = PBXFileReference; explicitFileType = wrapper.application; includeInIndex = 0; path = ScreenRotateDemo.app; sourceTree = BUILT_PRODUCTS_DIR; };
		FE888EDA1F45382900B63579 /* main.m */ = {isa = PBXFileReference; lastKnownFileType = sourcecode.c.objc; path = main.m; sourceTree = "<group>"; };
		FE888EDC1F45382900B63579 /* AppDelegate.h */ = {isa = PBXFileReference; lastKnownFileType = sourcecode.c.h; path = AppDelegate.h; sourceTree = "<group>"; };
		FE888EDD1F45382900B63579 /* AppDelegate.m */ = {isa = PBXFileReference; lastKnownFileType = sourcecode.c.objc; path = AppDelegate.m; sourceTree = "<group>"; };
		FE888EDF1F45382900B63579 /* ViewController.h */ = {isa = PBXFileReference; lastKnownFileType = sourcecode.c.h; path = ViewController.h; sourceTree = "<group>"; };
		FE888EE01F45382900B63579 /* ViewController.m */ = {isa = PBXFileReference; lastKnownFileType = sourcecode.c.objc; path = ViewController.m; sourceTree = "<group>"; };
		FE888EE31F45382900B63579 /* Base */ = {isa = PBXFileReference; lastKnownFileType = file.storyboard; name = Base; path = Base.lproj/Main.storyboard; sourceTree = "<group>"; };
		FE888EE51F45382900B63579 /* Assets.xcassets */ = {isa = PBXFileReference; lastKnownFileType = folder.assetcatalog; path = Assets.xcassets; sourceTree = "<group>"; };
		FE888EE81F45382900B63579 /* Base */ = {isa = PBXFileReference; lastKnownFileType = file.storyboard; name = Base; path = Base.lproj/LaunchScreen.storyboard; sourceTree = "<group>"; };
		FE888EEA1F45382900B63579 /* Info.plist */ = {isa = PBXFileReference; lastKnownFileType = text.plist.xml; path = Info.plist; sourceTree = "<group>"; };
/* End PBXFileReference section */

/* Begin PBXFrameworksBuildPhase section */
		FE888ED31F45382900B63579 /* Frameworks */ = {
			isa = PBXFrameworksBuildPhase;
			buildActionMask = 2147483647;
			files = (
			);
			runOnlyForDeploymentPostprocessing = 0;
		};
/* End PBXFrameworksBuildPhase section */

/* Begin PBXGroup section */
		FE888ECD1F45382900B63579 = {
			isa = PBXGroup;
			children = (
				FE888ED81F45382900B63579 /* ScreenRotateDemo */,
				FE888ED71F45382900B63579 /* Products */,
			);
			sourceTree = "<group>";
		};
		FE888ED71F45382900B63579 /* Products */ = {
			isa = PBXGroup;
			children = (
				FE888ED61F45382900B63579 /* ScreenRotateDemo.app */,
			);
			name = Products;
			sourceTree = "<group>";
		};
		FE888ED81F45382900B63579 /* ScreenRotateDemo */ = {
			isa = PBXGroup;
			children = (
				FE888EDC1F45382900B63579 /* AppDelegate.h */,
				FE888EDD1F45382900B63579 /* AppDelegate.m */,
				FE888EDF1F45382900B63579 /* ViewController.h */,
				FE888EE01F45382900B63579 /* ViewController.m */,
				FE888EE21F45382900B63579 /* Main.storyboard */,
				FE888EE51F45382900B63579 /* Assets.xcassets */,
				FE888EE71F45382900B63579 /* LaunchScreen.storyboard */,
				FE888EEA1F45382900B63579 /* Info.plist */,
				FE888ED91F45382900B63579 /* Supporting Files */,
			);
			path = ScreenRotateDemo;
			sourceTree = "<group>";
		};
		FE888ED91F45382900B63579 /* Supporting Files */ = {
			isa = PBXGroup;
			children = (
				FE888EDA1F45382900B63579 /* main.m */,
			);
			name = "Supporting Files";
			sourceTree = "<group>";
		};
/* End PBXGroup section */

/* Begin PBXNativeTarget section */
		FE888ED51F45382900B63579 /* ScreenRotateDemo */ = {
			isa = PBXNativeTarget;
			buildConfigurationList = FE888EED1F45382900B63579 /* Build configuration list for PBXNativeTarget "ScreenRotateDemo" */;
			buildPhases = (
				FE888ED21F45382900B63579 /* Sources */,
				FE888ED31F45382900B63579 /* Frameworks */,
				FE888ED41F45382900B63579 /* Resources */,
			);
			buildRules = (
			);
			dependencies = (
			);
			name = ScreenRotateDemo;
			productName = ScreenRotateDemo;
			productReference = FE888ED61F45382900B63579 /* ScreenRotateDemo.app */;
			productType = "com.apple.product-type.application";
		};
/* End PBXNativeTarget section */

/* Begin PBXProject section */
		FE888ECE1F45382900B63579 /* Project object */ = {
			isa = PBXProject;
			attributes = {
				LastUpgradeCheck = 0830;
				ORGANIZATIONNAME = chh;
				TargetAttributes = {
					FE888ED51F45382900B63579 = {
						CreatedOnToolsVersion = 8.3.3;
						ProvisioningStyle = Automatic;
					};
				};
			};
			buildConfigurationList = FE888ED11F45382900B63579 /* Build configuration list for PBXProject "ScreenRotateDemo" */;
			compatibilityVersion = "Xcode 3.2";
			developmentRegion = English;
			hasScannedForEncodings = 0;
			knownRegions = (
				en,
				Base,
			);
			mainGroup = FE888ECD1F45382900B63579;
			productRefGroup = FE888ED71F45382900B63579 /* Products */;
			projectDirPath = "";
			projectRoot = "";
			targets = (
				FE888ED51F45382900B63579 /* ScreenRotateDemo */,
			);
		};
/* End PBXProject section */

/* Begin PBXResourcesBuildPhase section */
		FE888ED41F45382900B63579 /* Resources */ = {
			isa = PBXResourcesBuildPhase;
			buildActionMask = 2147483647;
			files = (
				FE888EE91F45382900B63579 /* LaunchScreen.storyboard in Resources */,
				FE888EE61F45382900B63579 /* Assets.xcassets in Resources */,
				FE888EE41F45382900B63579 /* Main.storyboard in Resources */,
			);
			runOnlyForDeploymentPostprocessing = 0;
		};
/* End PBXResourcesBuildPhase section */

/* Begin PBXSourcesBuildPhase section */
		FE888ED21F45382900B63579 /* Sources */ = {
			isa = PBXSourcesBuildPhase;
			buildActionMask = 2147483647;
			files = (
				FE888EE11F45382900B63579 /* ViewController.m in Sources */,
				FE888EDE1F45382900B63579 /* AppDelegate.m in Sources */,
				FE888EDB1F45382900B63579 /* main.m in Sources */,
			);
			runOnlyForDeploymentPostprocessing = 0;
		};
/* End PBXSourcesBuildPhase section */

/* Begin PBXVariantGroup section */
		FE888EE21F45382900B63579 /* Main.storyboard */ = {
			isa = PBXVariantGroup;
			children = (
				FE888EE31F45382900B63579 /* Base */,
			);
			name = Main.storyboard;
			sourceTree = "<group>";
		};
		FE888EE71F45382900B63579 /* LaunchScreen.storyboard */ = {
			isa = PBXVariantGroup;
			children = (
				FE888EE81F45382900B63579 /* Base */,
			);
			name = LaunchScreen.storyboard;
			sourceTree = "<group>";
		};
/* End PBXVariantGroup section */

/* Begin XCBuildConfiguration section */
		FE888EEB1F45382900B63579 /* Debug */ = {
			isa = XCBuildConfiguration;
			buildSettings = {
				ALWAYS_SEARCH_USER_PATHS = NO;
				CLANG_ANALYZER_NONNULL = YES;
				CLANG_ANALYZER_NUMBER_OBJECT_CONVERSION = YES_AGGRESSIVE;
				CLANG_CXX_LANGUAGE_STANDARD = "gnu++0x";
				CLANG_CXX_LIBRARY = "libc++";
				CLANG_ENABLE_MODULES = YES;
				CLANG_ENABLE_OBJC_ARC = YES;
				CLANG_WARN_BOOL_CONVERSION = YES;
				CLANG_WARN_CONSTANT_CONVERSION = YES;
				CLANG_WARN_DIRECT_OBJC_ISA_USAGE = YES_ERROR;
				CLANG_WARN_DOCUMENTATION_COMMENTS = YES;
				CLANG_WARN_EMPTY_BODY = YES;
				CLANG_WARN_ENUM_CONVERSION = YES;
				CLANG_WARN_INFINITE_RECURSION = YES;
				CLANG_WARN_INT_CONVERSION = YES;
				CLANG_WARN_OBJC_ROOT_CLASS = YES_ERROR;
				CLANG_WARN_SUSPICIOUS_MOVE = YES;
				CLANG_WARN_UNREACHABLE_CODE = YES;
				CLANG_WARN__DUPLICATE_METHOD_MATCH = YES;
				"CODE_SIGN_IDENTITY[sdk=iphoneos*]" = "iPhone Developer";
				COPY_PHASE_STRIP = NO;
				DEBUG_INFORMATION_FORMAT = dwarf;
				ENABLE_STRICT_OBJC_MSGSEND = YES;
				ENABLE_TESTABILITY = YES;
				GCC_C_LANGUAGE_STANDARD = gnu99;
				GCC_DYNAMIC_NO_PIC = NO;
				GCC_NO_COMMON_BLOCKS = YES;
				GCC_OPTIMIZATION_LEVEL = 0;
				GCC_PREPROCESSOR_DEFINITIONS = (
					"DEBUG=1",
					"$(inherited)",
				);
				GCC_WARN_64_TO_32_BIT_CONVERSION = YES;
				GCC_WARN_ABOUT_RETURN_TYPE = YES_ERROR;
				GCC_WARN_UNDECLARED_SELECTOR = YES;
				GCC_WARN_UNINITIALIZED_AUTOS = YES_AGGRESSIVE;
				GCC_WARN_UNUSED_FUNCTION = YES;
				GCC_WARN_UNUSED_VARIABLE = YES;
				IPHONEOS_DEPLOYMENT_TARGET = 10.3;
				MTL_ENABLE_DEBUG_INFO = YES;
				ONLY_ACTIVE_ARCH = YES;
				SDKROOT = iphoneos;
				TARGETED_DEVICE_FAMILY = "1,2";
			};
			name = Debug;
		};
		FE888EEC1F45382900B63579 /* Release */ = {
			isa = XCBuildConfiguration;
			buildSettings = {
				ALWAYS_SEARCH_USER_PATHS = NO;
				CLANG_ANALYZER_NONNULL = YES;
				CLANG_ANALYZER_NUMBER_OBJECT_CONVERSION = YES_AGGRESSIVE;
				CLANG_CXX_LANGUAGE_STANDARD = "gnu++0x";
				CLANG_CXX_LIBRARY = "libc++";
				CLANG_ENABLE_MODULES = YES;
				CLANG_ENABLE_OBJC_ARC = YES;
				CLANG_WARN_BOOL_CONVERSION = YES;
				CLANG_WARN_CONSTANT_CONVERSION = YES;
				CLANG_WARN_DIRECT_OBJC_ISA_USAGE = YES_ERROR;
				CLANG_WARN_DOCUMENTATION_COMMENTS = YES;
				CLANG_WARN_EMPTY_BODY = YES;
				CLANG_WARN_ENUM_CONVERSION = YES;
				CLANG_WARN_INFINITE_RECURSION = YES;
				CLANG_WARN_INT_CONVERSION = YES;
				CLANG_WARN_OBJC_ROOT_CLASS = YES_ERROR;
				CLANG_WARN_SUSPICIOUS_MOVE = YES;
				CLANG_WARN_UNREACHABLE_CODE = YES;
				CLANG_WARN__DUPLICATE_METHOD_MATCH = YES;
				"CODE_SIGN_IDENTITY[sdk=iphoneos*]" = "iPhone Developer";
				COPY_PHASE_STRIP = NO;
				DEBUG_INFORMATION_FORMAT = "dwarf-with-dsym";
				ENABLE_NS_ASSERTIONS = NO;
				ENABLE_STRICT_OBJC_MSGSEND = YES;
				GCC_C_LANGUAGE_STANDARD = gnu99;
				GCC_NO_COMMON_BLOCKS = YES;
				GCC_WARN_64_TO_32_BIT_CONVERSION = YES;
				GCC_WARN_ABOUT_RETURN_TYPE = YES_ERROR;
				GCC_WARN_UNDECLARED_SELECTOR = YES;
				GCC_WARN_UNINITIALIZED_AUTOS = YES_AGGRESSIVE;
				GCC_WARN_UNUSED_FUNCTION = YES;
				GCC_WARN_UNUSED_VARIABLE = YES;
				IPHONEOS_DEPLOYMENT_TARGET = 10.3;
				MTL_ENABLE_DEBUG_INFO = NO;
				SDKROOT = iphoneos;
				TARGETED_DEVICE_FAMILY = "1,2";
				VALIDATE_PRODUCT = YES;
			};
			name = Release;
		};
		FE888EEE1F45382900B63579 /* Debug */ = {
			isa = XCBuildConfiguration;
			buildSettings = {
				ASSETCATALOG_COMPILER_APPICON_NAME = AppIcon;
				INFOPLIST_FILE = ScreenRotateDemo/Info.plist;
				LD_RUNPATH_SEARCH_PATHS = "$(inherited) @executable_path/Frameworks";
				PRODUCT_BUNDLE_IDENTIFIER = com.find.ScreenRotateDemo;
				PRODUCT_NAME = "$(TARGET_NAME)";
			};
			name = Debug;
		};
		FE888EEF1F45382900B63579 /* Release */ = {
			isa = XCBuildConfiguration;
			buildSettings = {
				ASSETCATALOG_COMPILER_APPICON_NAME = AppIcon;
				INFOPLIST_FILE = ScreenRotateDemo/Info.plist;
				LD_RUNPATH_SEARCH_PATHS = "$(inherited) @executable_path/Frameworks";
				PRODUCT_BUNDLE_IDENTIFIER = com.find.ScreenRotateDemo;
				PRODUCT_NAME = "$(TARGET_NAME)";
			};
			name = Release;
		};
/* End XCBuildConfiguration section */

/* Begin XCConfigurationList section */
		FE888ED11F45382900B63579 /* Build configuration list for PBXProject "ScreenRotateDemo" */ = {
			isa = XCConfigurationList;
			buildConfigurations = (
				FE888EEB1F45382900B63579 /* Debug */,
				FE888EEC1F45382900B63579 /* Release */,
			);
			defaultConfigurationIsVisible = 0;
			defaultConfigurationName = Release;
		};
		FE888EED1F45382900B63579 /* Build configuration list for PBXNativeTarget "ScreenRotateDemo" */ = {
			isa = XCConfigurationList;
			buildConfigurations = (
				FE888EEE1F45382900B63579 /* Debug */,
				FE888EEF1F45382900B63579 /* Release */,
			);
			defaultConfigurationIsVisible = 0;
		};
/* End XCConfigurationList section */
	};
	rootObject = FE888ECE1F45382900B63579 /* Project object */;
}
